{
  "name": "posthtml-custom-elements",
  "requires": true,
  "lockfileVersion": 1,
  "dependencies": {
    "dom-serializer": {
      "version": "1.2.0",
      "resolved": "https://artifactory.twitter.biz:443/api/npm/js-virtual/dom-serializer/-/dom-serializer-1.2.0.tgz",
      "integrity": "sha1-NDPZE2rrPGJ5gdqjhfx/MtJ8SPE=",
      "dev": true,
      "requires": {
        "domelementtype": "^2.0.1",
        "domhandler": "^4.0.0",
        "entities": "^2.0.0"
      },
      "dependencies": {
        "domhandler": {
          "version": "4.0.0",
          "resolved": "https://artifactory.twitter.biz:443/api/npm/js-virtual/domhandler/-/domhandler-4.0.0.tgz",
          "integrity": "sha1-Aep4Id6ZbYX2kCnoH6hzwhgzCY4=",
          "dev": true,
          "requires": {
            "domelementtype": "^2.1.0"
          }
        }
      }
    },
    "domelementtype": {
      "version": "2.1.0",
      "resolved": "https://artifactory.twitter.biz:443/api/npm/js-virtual/domelementtype/-/domelementtype-2.1.0.tgz",
      "integrity": "sha1-qFHAgKbRw9lDRK7RUdmfZp7fWF4=",
      "dev": true
    },
    "domhandler": {
      "version": "3.3.0",
      "resolved": "https://artifactory.twitter.biz:443/api/npm/js-virtual/domhandler/-/domhandler-3.3.0.tgz",
      "integrity": "sha1-bbfqRuRhfrFc+HXfaLK4UkzgA3o=",
      "dev": true,
      "requires": {
        "domelementtype": "^2.0.1"
      }
    },
    "domutils": {
      "version": "2.4.4",
      "resolved": "https://artifactory.twitter.biz:443/api/npm/js-virtual/domutils/-/domutils-2.4.4.tgz",
      "integrity": "sha1-KCc5xLFQ0CLTRpl5c2mq2NGbu9M=",
      "dev": true,
      "requires": {
        "dom-serializer": "^1.0.1",
        "domelementtype": "^2.0.1",
        "domhandler": "^4.0.0"
      },
      "dependencies": {
        "domhandler": {
          "version": "4.0.0",
          "resolved": "https://artifactory.twitter.biz:443/api/npm/js-virtual/domhandler/-/domhandler-4.0.0.tgz",
          "integrity": "sha1-Aep4Id6ZbYX2kCnoH6hzwhgzCY4=",
          "dev": true,
          "requires": {
            "domelementtype": "^2.1.0"
          }
        }
      }
    },
    "entities": {
      "version": "2.1.0",
      "resolved": "https://artifactory.twitter.biz:443/api/npm/js-virtual/entities/-/entities-2.1.0.tgz",
      "integrity": "sha1-mS0xKc999ocLlsV4WMJJoSD4uLU=",
      "dev": true
    },
    "htmlparser2": {
      "version": "5.0.1",
      "resolved": "https://artifactory.twitter.biz:443/api/npm/js-virtual/htmlparser2/-/htmlparser2-5.0.1.tgz",
      "integrity": "sha1-fapvw+NdYQeslaT8CHgfCRZk9uc=",
      "dev": true,
      "requires": {
        "domelementtype": "^2.0.1",
        "domhandler": "^3.3.0",
        "domutils": "^2.4.2",
        "entities": "^2.0.0"
      }
    },
    "posthtml": {
      "version": "0.15.1",
      "resolved": "https://artifactory.twitter.biz:443/api/npm/js-virtual/posthtml/-/posthtml-0.15.1.tgz",
      "integrity": "sha1-GEgGT0ihzKDgMjdSsdJv7TLhgLg=",
      "dev": true,
      "requires": {
        "posthtml-parser": "^0.6.0",
        "posthtml-render": "^1.2.3"
      }
    },
    "posthtml-parser": {
      "version": "0.6.0",
      "resolved": "https://artifactory.twitter.biz:443/api/npm/js-virtual/posthtml-parser/-/posthtml-parser-0.6.0.tgz",
      "integrity": "sha1-UkiM20+lkcMQLecxl8RxhZ7gvmM=",
      "dev": true,
      "requires": {
        "htmlparser2": "^5.0.1"
      }
    },
    "posthtml-render": {
      "version": "1.4.0",
      "resolved": "https://artifactory.twitter.biz:443/api/npm/js-virtual/posthtml-render/-/posthtml-render-1.4.0.tgz",
      "integrity": "sha1-QBFAcMRYgcrLkzR9rj7/U6+8/xM=",
      "dev": true
    }
  }
}
